{
  "nodes": {
    "nixpkgs": {
      "locked": {
        "lastModified": 1785571196,
        "narHash": "sha256-xwSqxTsama0YTtS78+4YyCm6jJg09v78QWfP1cAyoVA=",
        "rev": "148bab9c1c3c53136ecb44a6ea356a0ed5b39b06",
        "type": "tarball",
        "url": "https://releases.nixos.org/nixos/unstable/nixos-26.11pre1045728.148bab9c1c3c/nixexprs.tar.xz"
      },
      "original": {
        "type": "tarball",
        "url": "https://channels.nixos.org/nixos-unstable/nixexprs.tar.xz"
      }
    },
    "root": {
      "inputs": {
        "nixpkgs": "nixpkgs",
        "xdg-desktop-portal-umbriel": "xdg-desktop-portal-umbriel"
      }
    },
    "xdg-desktop-portal-umbriel": {
      "inputs": {
        "nixpkgs": [
          "nixpkgs"
        ]
      },
      "locked": {
        "lastModified": 1788800127,
        "narHash": "sha256-x2D1TiCn0rTwbA8darNxthxOWOCoZLwefptsUM7587I=",
        "owner": "noctalia-dev",
        "repo": "xdg-desktop-portal-umbriel",
        "rev": "d7a1bc386c2a6dfaecaa953165f9f373735c9ee0",
        "type": "github"
      },
      "original": {
        "owner": "noctalia-dev",
        "repo": "xdg-desktop-portal-umbriel",
        "type": "github"
      }
    }
  },
  "root": "root",
  "version": 7
}
